
Microsoft Visual Studio Solution File, Format Version 12.00
# Visual Studio 15
VisualStudioVersion = 15.0.28010.2050
MinimumVisualStudioVersion = 10.0.40219.1
Project("{FAE04EC0-301F-11D3-BF4B-00C04F79EFBC}") = "TwoSum", "TwoSum.csproj", "{AA0ECD35-68F7-4233-B2F3-E0B3525BA5A9}"
EndProject
Global
	GlobalSection(SolutionConfigurationPlatforms) = preSolution
		Debug|Any CPU = Debug|Any CPU
		Release|Any CPU = Release|Any CPU
	EndGlobalSection
	GlobalSection(ProjectConfigurationPlatforms) = postSolution
		{AA0ECD35-68F7-4233-B2F3-E0B3525BA5A9}.Debug|Any CPU.ActiveCfg = Debug|Any CPU
		{AA0ECD35-68F7-4233-B2F3-E0B3525BA5A9}.Debug|Any CPU.Build.0 = Debug|Any CPU
		{AA0ECD35-68F7-4233-B2F3-E0B3525BA5A9}.Release|Any CPU.ActiveCfg = Release|Any CPU
		{AA0ECD35-68F7-4233-B2F3-E0B3525BA5A9}.Release|Any CPU.Build.0 = Release|Any CPU
	EndGlobalSection
	GlobalSection(SolutionProperties) = preSolution
		HideSolutionNode = FALSE
	EndGlobalSection
	GlobalSection(ExtensibilityGlobals) = postSolution
		SolutionGuid = {CC196718-0E23-46B9-A6E4-D36F0B47344B}
	EndGlobalSection
EndGlobal
